
Microsoft Visual Studio Solution File, Format Version 11.00
# Visual Studio 2010
Project("{159641D6-6404-4A2A-AE62-294DE0FE8301}") = "ClientExportBackload", "ClientExportBackload\ClientExportBackload.dtproj", "{716B8AA7-1DD5-408E-B016-933ED5B1FF33}"
EndProject
Global
	GlobalSection(SolutionConfigurationPlatforms) = preSolution
		Development|Default = Development|Default
	EndGlobalSection
	GlobalSection(ProjectConfigurationPlatforms) = postSolution
		{716B8AA7-1DD5-408E-B016-933ED5B1FF33}.Development|Default.ActiveCfg = Development
		{716B8AA7-1DD5-408E-B016-933ED5B1FF33}.Development|Default.Build.0 = Development
	EndGlobalSection
	GlobalSection(SolutionProperties) = preSolution
		HideSolutionNode = FALSE
	EndGlobalSection
EndGlobal
