
Microsoft Visual Studio Solution File, Format Version 12.00
# Visual Studio 2013
VisualStudioVersion = 12.0.21005.1
MinimumVisualStudioVersion = 10.0.40219.1
Project("{8D9C8A9D-5DED-4B64-BF65-B598BA549D93}") = "TimesheetsAccountManager", "TimesheetsAdmin\TimesheetsAccountManager.lsxproj", "{5FF026EF-522C-4352-B7C9-C63FDA0014C1}"
EndProject
Project("{262852C6-CD72-467D-83FE-5EEB1973A190}") = "TimesheetsAdmin.HTMLClient", "TimesheetsAdmin\TimesheetsAdmin.HTMLClient\TimesheetsAdmin.HTMLClient.jsproj", "{82EFDCBB-E9B2-4912-A8E4-2DD277CCE6EC}"
EndProject
Project("{FAE04EC0-301F-11D3-BF4B-00C04F79EFBC}") = "TimesheetsAdmin.Server", "TimesheetsAdmin\TimesheetsAdmin.Server\TimesheetsAdmin.Server.csproj", "{E3131DF7-0320-4DA6-955E-941CB9714268}"
EndProject
Project("{FAE04EC0-301F-11D3-BF4B-00C04F79EFBC}") = "TimesheetsAccountManager.SharePoint", "TimesheetsAdmin\TimesheetsAdmin.SharePoint\TimesheetsAccountManager.SharePoint.csproj", "{7828C6A5-2D42-49C7-A6D5-21F3A9EA7FBF}"
EndProject
Global
	GlobalSection(SolutionConfigurationPlatforms) = preSolution
		Debug|Any CPU = Debug|Any CPU
		Release|Any CPU = Release|Any CPU
	EndGlobalSection
	GlobalSection(ProjectConfigurationPlatforms) = postSolution
		{5FF026EF-522C-4352-B7C9-C63FDA0014C1}.Debug|Any CPU.ActiveCfg = Debug|Any CPU
		{5FF026EF-522C-4352-B7C9-C63FDA0014C1}.Debug|Any CPU.Build.0 = Debug|Any CPU
		{5FF026EF-522C-4352-B7C9-C63FDA0014C1}.Release|Any CPU.ActiveCfg = Release|Any CPU
		{5FF026EF-522C-4352-B7C9-C63FDA0014C1}.Release|Any CPU.Build.0 = Release|Any CPU
		{82EFDCBB-E9B2-4912-A8E4-2DD277CCE6EC}.Debug|Any CPU.ActiveCfg = Debug|Any CPU
		{82EFDCBB-E9B2-4912-A8E4-2DD277CCE6EC}.Debug|Any CPU.Build.0 = Debug|Any CPU
		{82EFDCBB-E9B2-4912-A8E4-2DD277CCE6EC}.Release|Any CPU.ActiveCfg = Release|Any CPU
		{82EFDCBB-E9B2-4912-A8E4-2DD277CCE6EC}.Release|Any CPU.Build.0 = Release|Any CPU
		{E3131DF7-0320-4DA6-955E-941CB9714268}.Debug|Any CPU.ActiveCfg = Debug|Any CPU
		{E3131DF7-0320-4DA6-955E-941CB9714268}.Debug|Any CPU.Build.0 = Debug|Any CPU
		{E3131DF7-0320-4DA6-955E-941CB9714268}.Release|Any CPU.ActiveCfg = Release|Any CPU
		{E3131DF7-0320-4DA6-955E-941CB9714268}.Release|Any CPU.Build.0 = Release|Any CPU
		{7828C6A5-2D42-49C7-A6D5-21F3A9EA7FBF}.Debug|Any CPU.ActiveCfg = Debug|Any CPU
		{7828C6A5-2D42-49C7-A6D5-21F3A9EA7FBF}.Debug|Any CPU.Build.0 = Debug|Any CPU
		{7828C6A5-2D42-49C7-A6D5-21F3A9EA7FBF}.Debug|Any CPU.Deploy.0 = Debug|Any CPU
		{7828C6A5-2D42-49C7-A6D5-21F3A9EA7FBF}.Release|Any CPU.ActiveCfg = Release|Any CPU
		{7828C6A5-2D42-49C7-A6D5-21F3A9EA7FBF}.Release|Any CPU.Build.0 = Release|Any CPU
		{7828C6A5-2D42-49C7-A6D5-21F3A9EA7FBF}.Release|Any CPU.Deploy.0 = Release|Any CPU
	EndGlobalSection
	GlobalSection(SolutionProperties) = preSolution
		HideSolutionNode = FALSE
	EndGlobalSection
EndGlobal
